// !$*UTF8*$!
{
	archiveVersion = 1;
	classes = {
	};
	objectVersion = 48;
	objects = {

/* Begin PBXBuildFile section */
		4A8A4BEC206BA5DA00857E8A /* AppDelegate.swift in Sources */ = {isa = PBXBuildFile; fileRef = 4A8A4BEB206BA5DA00857E8A /* AppDelegate.swift */; };
		4A8A4BEE206BA5DA00857E8A /* ViewController.swift in Sources */ = {isa = PBXBuildFile; fileRef = 4A8A4BED206BA5DA00857E8A /* ViewController.swift */; };
		4A8A4BF1206BA5DA00857E8A /* Main.storyboard in Resources */ = {isa = PBXBuildFile; fileRef = 4A8A4BEF206BA5DA00857E8A /* Main.storyboard */; };
		4A8A4BF3206BA5DA00857E8A /* Assets.xcassets in Resources */ = {isa = PBXBuildFile; fileRef = 4A8A4BF2206BA5DA00857E8A /* Assets.xcassets */; };
		4A8A4BF6206BA5DA00857E8A /* LaunchScreen.storyboard in Resources */ = {isa = PBXBuildFile; fileRef = 4A8A4BF4206BA5DA00857E8A /* LaunchScreen.storyboard */; };
		4A8A4C11206BAB7A00857E8A /* gallery.png in Resources */ = {isa = PBXBuildFile; fileRef = 4A8A4C0E206BAB7A00857E8A /* gallery.png */; };
		4A8A4C12206BAB7A00857E8A /* apps.png in Resources */ = {isa = PBXBuildFile; fileRef = 4A8A4C0F206BAB7A00857E8A /* apps.png */; };
		4A8A4C13206BAB7A00857E8A /* home.png in Resources */ = {isa = PBXBuildFile; fileRef = 4A8A4C10206BAB7A00857E8A /* home.png */; };
		4A8A4C15206BAD2E00857E8A /* GalleryViewController.swift in Sources */ = {isa = PBXBuildFile; fileRef = 4A8A4C14206BAD2E00857E8A /* GalleryViewController.swift */; };
		4A8A4C17206BAD4700857E8A /* AppsViewController.swift in Sources */ = {isa = PBXBuildFile; fileRef = 4A8A4C16206BAD4700857E8A /* AppsViewController.swift */; };
		4A8A4C19206CAC1600857E8A /* AppModel.swift in Sources */ = {isa = PBXBuildFile; fileRef = 4A8A4C18206CAC1600857E8A /* AppModel.swift */; };
		4A8A4C1B206CAC7C00857E8A /* AppProvider.swift in Sources */ = {isa = PBXBuildFile; fileRef = 4A8A4C1A206CAC7C00857E8A /* AppProvider.swift */; };
		4A8A4C1D206CADED00857E8A /* AppsTableViewCell.swift in Sources */ = {isa = PBXBuildFile; fileRef = 4A8A4C1C206CADED00857E8A /* AppsTableViewCell.swift */; };
		4AFE64B6206CBDB60084E4A1 /* AppCategoryModel.swift in Sources */ = {isa = PBXBuildFile; fileRef = 4AFE64B5206CBDB60084E4A1 /* AppCategoryModel.swift */; };
		4AFE64B8206CC4C40084E4A1 /* AppHeaderView.swift in Sources */ = {isa = PBXBuildFile; fileRef = 4AFE64B7206CC4C40084E4A1 /* AppHeaderView.swift */; };
		4AFE64BE206CF5AB0084E4A1 /* AppDetailViewController.swift in Sources */ = {isa = PBXBuildFile; fileRef = 4AFE64BD206CF5AB0084E4A1 /* AppDetailViewController.swift */; };
/* End PBXBuildFile section */

/* Begin PBXFileReference section */
		4A8A4BE8206BA5DA00857E8A /* Project2.app */ = {isa = PBXFileReference; explicitFileType = wrapper.application; includeInIndex = 0; path = Project2.app; sourceTree = BUILT_PRODUCTS_DIR; };
		4A8A4BEB206BA5DA00857E8A /* AppDelegate.swift */ = {isa = PBXFileReference; lastKnownFileType = sourcecode.swift; path = AppDelegate.swift; sourceTree = "<group>"; };
		4A8A4BED206BA5DA00857E8A /* ViewController.swift */ = {isa = PBXFileReference; lastKnownFileType = sourcecode.swift; path = ViewController.swift; sourceTree = "<group>"; };
		4A8A4BF0206BA5DA00857E8A /* Base */ = {isa = PBXFileReference; lastKnownFileType = file.storyboard; name = Base; path = Base.lproj/Main.storyboard; sourceTree = "<group>"; };
		4A8A4BF2206BA5DA00857E8A /* Assets.xcassets */ = {isa = PBXFileReference; lastKnownFileType = folder.assetcatalog; path = Assets.xcassets; sourceTree = "<group>"; };
		4A8A4BF5206BA5DA00857E8A /* Base */ = {isa = PBXFileReference; lastKnownFileType = file.storyboard; name = Base; path = Base.lproj/LaunchScreen.storyboard; sourceTree = "<group>"; };
		4A8A4BF7206BA5DA00857E8A /* Info.plist */ = {isa = PBXFileReference; lastKnownFileType = text.plist.xml; path = Info.plist; sourceTree = "<group>"; };
		4A8A4C0E206BAB7A00857E8A /* gallery.png */ = {isa = PBXFileReference; lastKnownFileType = image.png; path = gallery.png; sourceTree = "<group>"; };
		4A8A4C0F206BAB7A00857E8A /* apps.png */ = {isa = PBXFileReference; lastKnownFileType = image.png; path = apps.png; sourceTree = "<group>"; };
		4A8A4C10206BAB7A00857E8A /* home.png */ = {isa = PBXFileReference; lastKnownFileType = image.png; path = home.png; sourceTree = "<group>"; };
		4A8A4C14206BAD2E00857E8A /* GalleryViewController.swift */ = {isa = PBXFileReference; lastKnownFileType = sourcecode.swift; path = GalleryViewController.swift; sourceTree = "<group>"; };
		4A8A4C16206BAD4700857E8A /* AppsViewController.swift */ = {isa = PBXFileReference; lastKnownFileType = sourcecode.swift; path = AppsViewController.swift; sourceTree = "<group>"; };
		4A8A4C18206CAC1600857E8A /* AppModel.swift */ = {isa = PBXFileReference; lastKnownFileType = sourcecode.swift; path = AppModel.swift; sourceTree = "<group>"; };
		4A8A4C1A206CAC7C00857E8A /* AppProvider.swift */ = {isa = PBXFileReference; lastKnownFileType = sourcecode.swift; path = AppProvider.swift; sourceTree = "<group>"; };
		4A8A4C1C206CADED00857E8A /* AppsTableViewCell.swift */ = {isa = PBXFileReference; lastKnownFileType = sourcecode.swift; path = AppsTableViewCell.swift; sourceTree = "<group>"; };
		4AFE64B5206CBDB60084E4A1 /* AppCategoryModel.swift */ = {isa = PBXFileReference; lastKnownFileType = sourcecode.swift; path = AppCategoryModel.swift; sourceTree = "<group>"; };
		4AFE64B7206CC4C40084E4A1 /* AppHeaderView.swift */ = {isa = PBXFileReference; lastKnownFileType = sourcecode.swift; path = AppHeaderView.swift; sourceTree = "<group>"; };
		4AFE64BD206CF5AB0084E4A1 /* AppDetailViewController.swift */ = {isa = PBXFileReference; lastKnownFileType = sourcecode.swift; path = AppDetailViewController.swift; sourceTree = "<group>"; };
/* End PBXFileReference section */

/* Begin PBXFrameworksBuildPhase section */
		4A8A4BE5206BA5DA00857E8A /* Frameworks */ = {
			isa = PBXFrameworksBuildPhase;
			buildActionMask = 2147483647;
			files = (
			);
			runOnlyForDeploymentPostprocessing = 0;
		};
/* End PBXFrameworksBuildPhase section */

/* Begin PBXGroup section */
		4A8A4BDF206BA5DA00857E8A = {
			isa = PBXGroup;
			children = (
				4A8A4BEA206BA5DA00857E8A /* Project2 */,
				4A8A4BE9206BA5DA00857E8A /* Products */,
			);
			sourceTree = "<group>";
		};
		4A8A4BE9206BA5DA00857E8A /* Products */ = {
			isa = PBXGroup;
			children = (
				4A8A4BE8206BA5DA00857E8A /* Project2.app */,
			);
			name = Products;
			sourceTree = "<group>";
		};
		4A8A4BEA206BA5DA00857E8A /* Project2 */ = {
			isa = PBXGroup;
			children = (
				4AFE64B9206CF57F0084E4A1 /* appDetailsScreen */,
				4A8A4C01206BAA6800857E8A /* appScreen */,
				4A8A4C09206BAA6800857E8A /* galleryScreen */,
				4A8A4C05206BAA6800857E8A /* homeScreen */,
				4A8A4BFD206BAA6800857E8A /* global */,
				4A8A4C0D206BAB7A00857E8A /* tabicons */,
				4A8A4BEF206BA5DA00857E8A /* Main.storyboard */,
				4A8A4BF2206BA5DA00857E8A /* Assets.xcassets */,
				4A8A4BF4206BA5DA00857E8A /* LaunchScreen.storyboard */,
				4A8A4BF7206BA5DA00857E8A /* Info.plist */,
			);
			path = Project2;
			sourceTree = "<group>";
		};
		4A8A4BFD206BAA6800857E8A /* global */ = {
			isa = PBXGroup;
			children = (
				4A8A4BFE206BAA6800857E8A /* controller */,
				4A8A4BFF206BAA6800857E8A /* model */,
				4A8A4C00206BAA6800857E8A /* view */,
			);
			path = global;
			sourceTree = "<group>";
		};
		4A8A4BFE206BAA6800857E8A /* controller */ = {
			isa = PBXGroup;
			children = (
				4A8A4BEB206BA5DA00857E8A /* AppDelegate.swift */,
			);
			path = controller;
			sourceTree = "<group>";
		};
		4A8A4BFF206BAA6800857E8A /* model */ = {
			isa = PBXGroup;
			children = (
			);
			path = model;
			sourceTree = "<group>";
		};
		4A8A4C00206BAA6800857E8A /* view */ = {
			isa = PBXGroup;
			children = (
			);
			path = view;
			sourceTree = "<group>";
		};
		4A8A4C01206BAA6800857E8A /* appScreen */ = {
			isa = PBXGroup;
			children = (
				4A8A4C02206BAA6800857E8A /* controller */,
				4A8A4C03206BAA6800857E8A /* model */,
				4A8A4C04206BAA6800857E8A /* view */,
			);
			path = appScreen;
			sourceTree = "<group>";
		};
		4A8A4C02206BAA6800857E8A /* controller */ = {
			isa = PBXGroup;
			children = (
				4A8A4C16206BAD4700857E8A /* AppsViewController.swift */,
			);
			path = controller;
			sourceTree = "<group>";
		};
		4A8A4C03206BAA6800857E8A /* model */ = {
			isa = PBXGroup;
			children = (
				4A8A4C18206CAC1600857E8A /* AppModel.swift */,
				4A8A4C1A206CAC7C00857E8A /* AppProvider.swift */,
				4AFE64B5206CBDB60084E4A1 /* AppCategoryModel.swift */,
			);
			path = model;
			sourceTree = "<group>";
		};
		4A8A4C04206BAA6800857E8A /* view */ = {
			isa = PBXGroup;
			children = (
				4A8A4C1C206CADED00857E8A /* AppsTableViewCell.swift */,
				4AFE64B7206CC4C40084E4A1 /* AppHeaderView.swift */,
			);
			path = view;
			sourceTree = "<group>";
		};
		4A8A4C05206BAA6800857E8A /* homeScreen */ = {
			isa = PBXGroup;
			children = (
				4A8A4C06206BAA6800857E8A /* controller */,
				4A8A4C07206BAA6800857E8A /* model */,
				4A8A4C08206BAA6800857E8A /* view */,
			);
			path = homeScreen;
			sourceTree = "<group>";
		};
		4A8A4C06206BAA6800857E8A /* controller */ = {
			isa = PBXGroup;
			children = (
				4A8A4BED206BA5DA00857E8A /* ViewController.swift */,
			);
			path = controller;
			sourceTree = "<group>";
		};
		4A8A4C07206BAA6800857E8A /* model */ = {
			isa = PBXGroup;
			children = (
			);
			path = model;
			sourceTree = "<group>";
		};
		4A8A4C08206BAA6800857E8A /* view */ = {
			isa = PBXGroup;
			children = (
			);
			path = view;
			sourceTree = "<group>";
		};
		4A8A4C09206BAA6800857E8A /* galleryScreen */ = {
			isa = PBXGroup;
			children = (
				4A8A4C0A206BAA6800857E8A /* controller */,
				4A8A4C0B206BAA6800857E8A /* model */,
				4A8A4C0C206BAA6800857E8A /* view */,
			);
			path = galleryScreen;
			sourceTree = "<group>";
		};
		4A8A4C0A206BAA6800857E8A /* controller */ = {
			isa = PBXGroup;
			children = (
				4A8A4C14206BAD2E00857E8A /* GalleryViewController.swift */,
			);
			path = controller;
			sourceTree = "<group>";
		};
		4A8A4C0B206BAA6800857E8A /* model */ = {
			isa = PBXGroup;
			children = (
			);
			path = model;
			sourceTree = "<group>";
		};
		4A8A4C0C206BAA6800857E8A /* view */ = {
			isa = PBXGroup;
			children = (
			);
			path = view;
			sourceTree = "<group>";
		};
		4A8A4C0D206BAB7A00857E8A /* tabicons */ = {
			isa = PBXGroup;
			children = (
				4A8A4C0E206BAB7A00857E8A /* gallery.png */,
				4A8A4C0F206BAB7A00857E8A /* apps.png */,
				4A8A4C10206BAB7A00857E8A /* home.png */,
			);
			path = tabicons;
			sourceTree = "<group>";
		};
		4AFE64B9206CF57F0084E4A1 /* appDetailsScreen */ = {
			isa = PBXGroup;
			children = (
				4AFE64BA206CF57F0084E4A1 /* controller */,
				4AFE64BB206CF57F0084E4A1 /* model */,
				4AFE64BC206CF57F0084E4A1 /* view */,
			);
			path = appDetailsScreen;
			sourceTree = "<group>";
		};
		4AFE64BA206CF57F0084E4A1 /* controller */ = {
			isa = PBXGroup;
			children = (
				4AFE64BD206CF5AB0084E4A1 /* AppDetailViewController.swift */,
			);
			path = controller;
			sourceTree = "<group>";
		};
		4AFE64BB206CF57F0084E4A1 /* model */ = {
			isa = PBXGroup;
			children = (
			);
			path = model;
			sourceTree = "<group>";
		};
		4AFE64BC206CF57F0084E4A1 /* view */ = {
			isa = PBXGroup;
			children = (
			);
			path = view;
			sourceTree = "<group>";
		};
/* End PBXGroup section */

/* Begin PBXNativeTarget section */
		4A8A4BE7206BA5DA00857E8A /* Project2 */ = {
			isa = PBXNativeTarget;
			buildConfigurationList = 4A8A4BFA206BA5DA00857E8A /* Build configuration list for PBXNativeTarget "Project2" */;
			buildPhases = (
				4A8A4BE4206BA5DA00857E8A /* Sources */,
				4A8A4BE5206BA5DA00857E8A /* Frameworks */,
				4A8A4BE6206BA5DA00857E8A /* Resources */,
			);
			buildRules = (
			);
			dependencies = (
			);
			name = Project2;
			productName = Project2;
			productReference = 4A8A4BE8206BA5DA00857E8A /* Project2.app */;
			productType = "com.apple.product-type.application";
		};
/* End PBXNativeTarget section */

/* Begin PBXProject section */
		4A8A4BE0206BA5DA00857E8A /* Project object */ = {
			isa = PBXProject;
			attributes = {
				LastSwiftUpdateCheck = 0920;
				LastUpgradeCheck = 0920;
				ORGANIZATIONNAME = intimetec;
				TargetAttributes = {
					4A8A4BE7206BA5DA00857E8A = {
						CreatedOnToolsVersion = 9.2;
						ProvisioningStyle = Manual;
					};
				};
			};
			buildConfigurationList = 4A8A4BE3206BA5DA00857E8A /* Build configuration list for PBXProject "Project2" */;
			compatibilityVersion = "Xcode 8.0";
			developmentRegion = en;
			hasScannedForEncodings = 0;
			knownRegions = (
				en,
				Base,
			);
			mainGroup = 4A8A4BDF206BA5DA00857E8A;
			productRefGroup = 4A8A4BE9206BA5DA00857E8A /* Products */;
			projectDirPath = "";
			projectRoot = "";
			targets = (
				4A8A4BE7206BA5DA00857E8A /* Project2 */,
			);
		};
/* End PBXProject section */

/* Begin PBXResourcesBuildPhase section */
		4A8A4BE6206BA5DA00857E8A /* Resources */ = {
			isa = PBXResourcesBuildPhase;
			buildActionMask = 2147483647;
			files = (
				4A8A4BF6206BA5DA00857E8A /* LaunchScreen.storyboard in Resources */,
				4A8A4C12206BAB7A00857E8A /* apps.png in Resources */,
				4A8A4C13206BAB7A00857E8A /* home.png in Resources */,
				4A8A4BF3206BA5DA00857E8A /* Assets.xcassets in Resources */,
				4A8A4C11206BAB7A00857E8A /* gallery.png in Resources */,
				4A8A4BF1206BA5DA00857E8A /* Main.storyboard in Resources */,
			);
			runOnlyForDeploymentPostprocessing = 0;
		};
/* End PBXResourcesBuildPhase section */

/* Begin PBXSourcesBuildPhase section */
		4A8A4BE4206BA5DA00857E8A /* Sources */ = {
			isa = PBXSourcesBuildPhase;
			buildActionMask = 2147483647;
			files = (
				4A8A4C15206BAD2E00857E8A /* GalleryViewController.swift in Sources */,
				4AFE64BE206CF5AB0084E4A1 /* AppDetailViewController.swift in Sources */,
				4AFE64B8206CC4C40084E4A1 /* AppHeaderView.swift in Sources */,
				4AFE64B6206CBDB60084E4A1 /* AppCategoryModel.swift in Sources */,
				4A8A4C1D206CADED00857E8A /* AppsTableViewCell.swift in Sources */,
				4A8A4BEE206BA5DA00857E8A /* ViewController.swift in Sources */,
				4A8A4C1B206CAC7C00857E8A /* AppProvider.swift in Sources */,
				4A8A4C17206BAD4700857E8A /* AppsViewController.swift in Sources */,
				4A8A4C19206CAC1600857E8A /* AppModel.swift in Sources */,
				4A8A4BEC206BA5DA00857E8A /* AppDelegate.swift in Sources */,
			);
			runOnlyForDeploymentPostprocessing = 0;
		};
/* End PBXSourcesBuildPhase section */

/* Begin PBXVariantGroup section */
		4A8A4BEF206BA5DA00857E8A /* Main.storyboard */ = {
			isa = PBXVariantGroup;
			children = (
				4A8A4BF0206BA5DA00857E8A /* Base */,
			);
			name = Main.storyboard;
			sourceTree = "<group>";
		};
		4A8A4BF4206BA5DA00857E8A /* LaunchScreen.storyboard */ = {
			isa = PBXVariantGroup;
			children = (
				4A8A4BF5206BA5DA00857E8A /* Base */,
			);
			name = LaunchScreen.storyboard;
			sourceTree = "<group>";
		};
/* End PBXVariantGroup section */

/* Begin XCBuildConfiguration section */
		4A8A4BF8206BA5DA00857E8A /* Debug */ = {
			isa = XCBuildConfiguration;
			buildSettings = {
				ALWAYS_SEARCH_USER_PATHS = NO;
				CLANG_ANALYZER_NONNULL = YES;
				CLANG_ANALYZER_NUMBER_OBJECT_CONVERSION = YES_AGGRESSIVE;
				CLANG_CXX_LANGUAGE_STANDARD = "gnu++14";
				CLANG_CXX_LIBRARY = "libc++";
				CLANG_ENABLE_MODULES = YES;
				CLANG_ENABLE_OBJC_ARC = YES;
				CLANG_WARN_BLOCK_CAPTURE_AUTORELEASING = YES;
				CLANG_WARN_BOOL_CONVERSION = YES;
				CLANG_WARN_COMMA = YES;
				CLANG_WARN_CONSTANT_CONVERSION = YES;
				CLANG_WARN_DIRECT_OBJC_ISA_USAGE = YES_ERROR;
				CLANG_WARN_DOCUMENTATION_COMMENTS = YES;
				CLANG_WARN_EMPTY_BODY = YES;
				CLANG_WARN_ENUM_CONVERSION = YES;
				CLANG_WARN_INFINITE_RECURSION = YES;
				CLANG_WARN_INT_CONVERSION = YES;
				CLANG_WARN_NON_LITERAL_NULL_CONVERSION = YES;
				CLANG_WARN_OBJC_LITERAL_CONVERSION = YES;
				CLANG_WARN_OBJC_ROOT_CLASS = YES_ERROR;
				CLANG_WARN_RANGE_LOOP_ANALYSIS = YES;
				CLANG_WARN_STRICT_PROTOTYPES = YES;
				CLANG_WARN_SUSPICIOUS_MOVE = YES;
				CLANG_WARN_UNGUARDED_AVAILABILITY = YES_AGGRESSIVE;
				CLANG_WARN_UNREACHABLE_CODE = YES;
				CLANG_WARN__DUPLICATE_METHOD_MATCH = YES;
				CODE_SIGN_IDENTITY = "iPhone Developer";
				COPY_PHASE_STRIP = NO;
				DEBUG_INFORMATION_FORMAT = dwarf;
				ENABLE_STRICT_OBJC_MSGSEND = YES;
				ENABLE_TESTABILITY = YES;
				GCC_C_LANGUAGE_STANDARD = gnu11;
				GCC_DYNAMIC_NO_PIC = NO;
				GCC_NO_COMMON_BLOCKS = YES;
				GCC_OPTIMIZATION_LEVEL = 0;
				GCC_PREPROCESSOR_DEFINITIONS = (
					"DEBUG=1",
					"$(inherited)",
				);
				GCC_WARN_64_TO_32_BIT_CONVERSION = YES;
				GCC_WARN_ABOUT_RETURN_TYPE = YES_ERROR;
				GCC_WARN_UNDECLARED_SELECTOR = YES;
				GCC_WARN_UNINITIALIZED_AUTOS = YES_AGGRESSIVE;
				GCC_WARN_UNUSED_FUNCTION = YES;
				GCC_WARN_UNUSED_VARIABLE = YES;
				IPHONEOS_DEPLOYMENT_TARGET = 11.2;
				MTL_ENABLE_DEBUG_INFO = YES;
				ONLY_ACTIVE_ARCH = YES;
				SDKROOT = iphoneos;
				SWIFT_ACTIVE_COMPILATION_CONDITIONS = DEBUG;
				SWIFT_OPTIMIZATION_LEVEL = "-Onone";
			};
			name = Debug;
		};
		4A8A4BF9206BA5DA00857E8A /* Release */ = {
			isa = XCBuildConfiguration;
			buildSettings = {
				ALWAYS_SEARCH_USER_PATHS = NO;
				CLANG_ANALYZER_NONNULL = YES;
				CLANG_ANALYZER_NUMBER_OBJECT_CONVERSION = YES_AGGRESSIVE;
				CLANG_CXX_LANGUAGE_STANDARD = "gnu++14";
				CLANG_CXX_LIBRARY = "libc++";
				CLANG_ENABLE_MODULES = YES;
				CLANG_ENABLE_OBJC_ARC = YES;
				CLANG_WARN_BLOCK_CAPTURE_AUTORELEASING = YES;
				CLANG_WARN_BOOL_CONVERSION = YES;
				CLANG_WARN_COMMA = YES;
				CLANG_WARN_CONSTANT_CONVERSION = YES;
				CLANG_WARN_DIRECT_OBJC_ISA_USAGE = YES_ERROR;
				CLANG_WARN_DOCUMENTATION_COMMENTS = YES;
				CLANG_WARN_EMPTY_BODY = YES;
				CLANG_WARN_ENUM_CONVERSION = YES;
				CLANG_WARN_INFINITE_RECURSION = YES;
				CLANG_WARN_INT_CONVERSION = YES;
				CLANG_WARN_NON_LITERAL_NULL_CONVERSION = YES;
				CLANG_WARN_OBJC_LITERAL_CONVERSION = YES;
				CLANG_WARN_OBJC_ROOT_CLASS = YES_ERROR;
				CLANG_WARN_RANGE_LOOP_ANALYSIS = YES;
				CLANG_WARN_STRICT_PROTOTYPES = YES;
				CLANG_WARN_SUSPICIOUS_MOVE = YES;
				CLANG_WARN_UNGUARDED_AVAILABILITY = YES_AGGRESSIVE;
				CLANG_WARN_UNREACHABLE_CODE = YES;
				CLANG_WARN__DUPLICATE_METHOD_MATCH = YES;
				CODE_SIGN_IDENTITY = "iPhone Developer";
				COPY_PHASE_STRIP = NO;
				DEBUG_INFORMATION_FORMAT = "dwarf-with-dsym";
				ENABLE_NS_ASSERTIONS = NO;
				ENABLE_STRICT_OBJC_MSGSEND = YES;
				GCC_C_LANGUAGE_STANDARD = gnu11;
				GCC_NO_COMMON_BLOCKS = YES;
				GCC_WARN_64_TO_32_BIT_CONVERSION = YES;
				GCC_WARN_ABOUT_RETURN_TYPE = YES_ERROR;
				GCC_WARN_UNDECLARED_SELECTOR = YES;
				GCC_WARN_UNINITIALIZED_AUTOS = YES_AGGRESSIVE;
				GCC_WARN_UNUSED_FUNCTION = YES;
				GCC_WARN_UNUSED_VARIABLE = YES;
				IPHONEOS_DEPLOYMENT_TARGET = 11.2;
				MTL_ENABLE_DEBUG_INFO = NO;
				SDKROOT = iphoneos;
				SWIFT_OPTIMIZATION_LEVEL = "-Owholemodule";
				VALIDATE_PRODUCT = YES;
			};
			name = Release;
		};
		4A8A4BFB206BA5DA00857E8A /* Debug */ = {
			isa = XCBuildConfiguration;
			buildSettings = {
				ASSETCATALOG_COMPILER_APPICON_NAME = AppIcon;
				CODE_SIGN_STYLE = Manual;
				DEVELOPMENT_TEAM = "";
				INFOPLIST_FILE = Project2/Info.plist;
				LD_RUNPATH_SEARCH_PATHS = "$(inherited) @executable_path/Frameworks";
				PRODUCT_BUNDLE_IDENTIFIER = com.intimetec.Project2;
				PRODUCT_NAME = "$(TARGET_NAME)";
				PROVISIONING_PROFILE_SPECIFIER = "";
				SWIFT_VERSION = 4.0;
				TARGETED_DEVICE_FAMILY = "1,2";
			};
			name = Debug;
		};
		4A8A4BFC206BA5DA00857E8A /* Release */ = {
			isa = XCBuildConfiguration;
			buildSettings = {
				ASSETCATALOG_COMPILER_APPICON_NAME = AppIcon;
				CODE_SIGN_STYLE = Manual;
				DEVELOPMENT_TEAM = "";
				INFOPLIST_FILE = Project2/Info.plist;
				LD_RUNPATH_SEARCH_PATHS = "$(inherited) @executable_path/Frameworks";
				PRODUCT_BUNDLE_IDENTIFIER = com.intimetec.Project2;
				PRODUCT_NAME = "$(TARGET_NAME)";
				PROVISIONING_PROFILE_SPECIFIER = "";
				SWIFT_VERSION = 4.0;
				TARGETED_DEVICE_FAMILY = "1,2";
			};
			name = Release;
		};
/* End XCBuildConfiguration section */

/* Begin XCConfigurationList section */
		4A8A4BE3206BA5DA00857E8A /* Build configuration list for PBXProject "Project2" */ = {
			isa = XCConfigurationList;
			buildConfigurations = (
				4A8A4BF8206BA5DA00857E8A /* Debug */,
				4A8A4BF9206BA5DA00857E8A /* Release */,
			);
			defaultConfigurationIsVisible = 0;
			defaultConfigurationName = Release;
		};
		4A8A4BFA206BA5DA00857E8A /* Build configuration list for PBXNativeTarget "Project2" */ = {
			isa = XCConfigurationList;
			buildConfigurations = (
				4A8A4BFB206BA5DA00857E8A /* Debug */,
				4A8A4BFC206BA5DA00857E8A /* Release */,
			);
			defaultConfigurationIsVisible = 0;
			defaultConfigurationName = Release;
		};
/* End XCConfigurationList section */
	};
	rootObject = 4A8A4BE0206BA5DA00857E8A /* Project object */;
}
